
Microsoft Visual Studio Solution File, Format Version 12.00
# Visual Studio 14
VisualStudioVersion = 14.0.25420.1
MinimumVisualStudioVersion = 10.0.40219.1
Project("{FAE04EC0-301F-11D3-BF4B-00C04F79EFBC}") = "CURD", "CURD\CURD.csproj", "{7A3A3D54-ADBC-4894-980E-96824B702F53}"
EndProject
Project("{FAE04EC0-301F-11D3-BF4B-00C04F79EFBC}") = "MessageBoard", "Message Board\MessageBoard.csproj", "{3D601D42-75FC-494A-94D9-5D4F3A14A944}"
EndProject
Project("{FAE04EC0-301F-11D3-BF4B-00C04F79EFBC}") = "ViewVideo", "ViewVideo\ViewVideo.csproj", "{993F97F5-6CAD-438E-9035-E3245DEEA87F}"
EndProject
Project("{FAE04EC0-301F-11D3-BF4B-00C04F79EFBC}") = "Register", "Register\Register.csproj", "{D9AC7F6E-C59C-406C-BEAF-B6769E349720}"
EndProject
Project("{FAE04EC0-301F-11D3-BF4B-00C04F79EFBC}") = "JSON", "JSON\JSON.csproj", "{FECA3115-6542-4722-B1F0-DB4F8886AB6C}"
EndProject
Project("{FAE04EC0-301F-11D3-BF4B-00C04F79EFBC}") = "HuaGongWeb", "HuaGongWeb\HuaGongWeb.csproj", "{373738CE-E2DB-4301-A634-4335BD627D3F}"
EndProject
Global
	GlobalSection(SolutionConfigurationPlatforms) = preSolution
		Debug|Any CPU = Debug|Any CPU
		Release|Any CPU = Release|Any CPU
	EndGlobalSection
	GlobalSection(ProjectConfigurationPlatforms) = postSolution
		{7A3A3D54-ADBC-4894-980E-96824B702F53}.Debug|Any CPU.ActiveCfg = Debug|Any CPU
		{7A3A3D54-ADBC-4894-980E-96824B702F53}.Debug|Any CPU.Build.0 = Debug|Any CPU
		{7A3A3D54-ADBC-4894-980E-96824B702F53}.Release|Any CPU.ActiveCfg = Release|Any CPU
		{7A3A3D54-ADBC-4894-980E-96824B702F53}.Release|Any CPU.Build.0 = Release|Any CPU
		{3D601D42-75FC-494A-94D9-5D4F3A14A944}.Debug|Any CPU.ActiveCfg = Debug|Any CPU
		{3D601D42-75FC-494A-94D9-5D4F3A14A944}.Debug|Any CPU.Build.0 = Debug|Any CPU
		{3D601D42-75FC-494A-94D9-5D4F3A14A944}.Release|Any CPU.ActiveCfg = Release|Any CPU
		{3D601D42-75FC-494A-94D9-5D4F3A14A944}.Release|Any CPU.Build.0 = Release|Any CPU
		{993F97F5-6CAD-438E-9035-E3245DEEA87F}.Debug|Any CPU.ActiveCfg = Debug|Any CPU
		{993F97F5-6CAD-438E-9035-E3245DEEA87F}.Debug|Any CPU.Build.0 = Debug|Any CPU
		{993F97F5-6CAD-438E-9035-E3245DEEA87F}.Release|Any CPU.ActiveCfg = Release|Any CPU
		{993F97F5-6CAD-438E-9035-E3245DEEA87F}.Release|Any CPU.Build.0 = Release|Any CPU
		{D9AC7F6E-C59C-406C-BEAF-B6769E349720}.Debug|Any CPU.ActiveCfg = Debug|Any CPU
		{D9AC7F6E-C59C-406C-BEAF-B6769E349720}.Debug|Any CPU.Build.0 = Debug|Any CPU
		{D9AC7F6E-C59C-406C-BEAF-B6769E349720}.Release|Any CPU.ActiveCfg = Release|Any CPU
		{D9AC7F6E-C59C-406C-BEAF-B6769E349720}.Release|Any CPU.Build.0 = Release|Any CPU
		{FECA3115-6542-4722-B1F0-DB4F8886AB6C}.Debug|Any CPU.ActiveCfg = Debug|Any CPU
		{FECA3115-6542-4722-B1F0-DB4F8886AB6C}.Debug|Any CPU.Build.0 = Debug|Any CPU
		{FECA3115-6542-4722-B1F0-DB4F8886AB6C}.Release|Any CPU.ActiveCfg = Release|Any CPU
		{FECA3115-6542-4722-B1F0-DB4F8886AB6C}.Release|Any CPU.Build.0 = Release|Any CPU
		{373738CE-E2DB-4301-A634-4335BD627D3F}.Debug|Any CPU.ActiveCfg = Debug|Any CPU
		{373738CE-E2DB-4301-A634-4335BD627D3F}.Debug|Any CPU.Build.0 = Debug|Any CPU
		{373738CE-E2DB-4301-A634-4335BD627D3F}.Release|Any CPU.ActiveCfg = Release|Any CPU
		{373738CE-E2DB-4301-A634-4335BD627D3F}.Release|Any CPU.Build.0 = Release|Any CPU
	EndGlobalSection
	GlobalSection(SolutionProperties) = preSolution
		HideSolutionNode = FALSE
	EndGlobalSection
EndGlobal
